
Microsoft Visual Studio Solution File, Format Version 12.00
# Visual Studio Version 16
VisualStudioVersion = 16.0.30114.105
MinimumVisualStudioVersion = 10.0.40219.1
Project("{FAE04EC0-301F-11D3-BF4B-00C04F79EFBC}") = "FilmotekaCRUD", "FilmotekaCRUD\FilmotekaCRUD.csproj", "{9A4FAC1B-B07E-43B4-93F3-49399C1A1E14}"
EndProject
Global
	GlobalSection(SolutionConfigurationPlatforms) = preSolution
		Debug|Any CPU = Debug|Any CPU
		Release|Any CPU = Release|Any CPU
	EndGlobalSection
	GlobalSection(ProjectConfigurationPlatforms) = postSolution
		{9A4FAC1B-B07E-43B4-93F3-49399C1A1E14}.Debug|Any CPU.ActiveCfg = Debug|Any CPU
		{9A4FAC1B-B07E-43B4-93F3-49399C1A1E14}.Debug|Any CPU.Build.0 = Debug|Any CPU
		{9A4FAC1B-B07E-43B4-93F3-49399C1A1E14}.Release|Any CPU.ActiveCfg = Release|Any CPU
		{9A4FAC1B-B07E-43B4-93F3-49399C1A1E14}.Release|Any CPU.Build.0 = Release|Any CPU
	EndGlobalSection
	GlobalSection(SolutionProperties) = preSolution
		HideSolutionNode = FALSE
	EndGlobalSection
	GlobalSection(ExtensibilityGlobals) = postSolution
		SolutionGuid = {2F1EFD6F-EE50-4C91-B06A-5A082605AC51}
	EndGlobalSection
EndGlobal
